github.com/bububa/oceanengine v1.24.8 h1:V9EIttF9hwBzZ32nW3BNS1INpVDDtPujDbulZn1SqtI=
github.com/bububa/oceanengine v1.24.8/go.mod h1:mh85xjSL+UPvpIYiRDTHhehhoDENHomK4yTBaNSleDc=
github.com/fatih/structs v1.1.0 h1:Q7juDM0QtcnhCpeyLGQKyg4TOIghuNXrkL32pHAUMxo=
github.com/fatih/structs v1.1.0/go.mod h1:9NiDSp5zOcgEDl+j00MP/WkGVPOlPRLejGD8Ga6PJ7M=
